
Microsoft Visual Studio Solution File, Format Version 12.00
# Visual Studio Version 17
VisualStudioVersion = 17.1.32228.430
MinimumVisualStudioVersion = 10.0.40219.1
Project("{FAE04EC0-301F-11D3-BF4B-00C04F79EFBC}") = "ConsoleApp1", "ConsoleApp1\ConsoleApp1.csproj", "{73572409-6F84-4EE6-8D10-1EEC51E41BCB}"
EndProject
Global
	GlobalSection(SolutionConfigurationPlatforms) = preSolution
		Debug|Any CPU = Debug|Any CPU
		Release|Any CPU = Release|Any CPU
	EndGlobalSection
	GlobalSection(ProjectConfigurationPlatforms) = postSolution
		{73572409-6F84-4EE6-8D10-1EEC51E41BCB}.Debug|Any CPU.ActiveCfg = Debug|Any CPU
		{73572409-6F84-4EE6-8D10-1EEC51E41BCB}.Debug|Any CPU.Build.0 = Debug|Any CPU
		{73572409-6F84-4EE6-8D10-1EEC51E41BCB}.Release|Any CPU.ActiveCfg = Release|Any CPU
		{73572409-6F84-4EE6-8D10-1EEC51E41BCB}.Release|Any CPU.Build.0 = Release|Any CPU
	EndGlobalSection
	GlobalSection(SolutionProperties) = preSolution
		HideSolutionNode = FALSE
	EndGlobalSection
	GlobalSection(ExtensibilityGlobals) = postSolution
		SolutionGuid = {3DBDEBD5-8462-425B-A85B-924FF8F685BD}
	EndGlobalSection
EndGlobal
